{
  "name": "itaks-vue-cli3",
  "version": "0.1.0",
  "lockfileVersion": 1,
  "requires": true,
  "dependencies": {
    "smooth-dnd": {
      "version": "0.5.9",
      "resolved": "https://registry.npmjs.org/smooth-dnd/-/smooth-dnd-0.5.9.tgz",
      "integrity": "sha512-bmxLcCjic8dAxcfqSKvqRQlDajIh8VFNmlSIoDh4QkeHqa1gYQCiQn3LEI0yY9SFkUKAYf/GYJ7kGCPRiJNSbQ=="
    },
    "vue-smooth-dnd": {
      "version": "0.2.5",
      "resolved": "https://registry.npmjs.org/vue-smooth-dnd/-/vue-smooth-dnd-0.2.5.tgz",
      "integrity": "sha512-4v6d/EmaRSqwKKdpfnEbMaL1zHbjaUSWZLZTi9N4ZFSFAbKofQ/FaD5qNt19tXFAIOdjvOJ1ES6gR4X5s0GNWg==",
      "requires": {
        "smooth-dnd": "0.5.9"
      }
    },
    "vuex": {
      "version": "3.0.1",
      "resolved": "https://registry.npmjs.org/vuex/-/vuex-3.0.1.tgz",
      "integrity": "sha512-wLoqz0B7DSZtgbWL1ShIBBCjv22GV5U+vcBFox658g6V0s4wZV9P4YjCNyoHSyIBpj1f29JBoNQIqD82cR4O3w==",
      "dev": true
    }
  }
}
